
Microsoft Visual Studio Solution File, Format Version 12.00
# Visual Studio 15
VisualStudioVersion = 15.0.28010.2003
MinimumVisualStudioVersion = 10.0.40219.1
Project("{FAE04EC0-301F-11D3-BF4B-00C04F79EFBC}") = "CATManWPF", "CATManWPF\CATManWPF.csproj", "{1710EDF0-B45D-421B-9247-2790A101EC53}"
EndProject
Global
	GlobalSection(SolutionConfigurationPlatforms) = preSolution
		Debug|Any CPU = Debug|Any CPU
		Release|Any CPU = Release|Any CPU
	EndGlobalSection
	GlobalSection(ProjectConfigurationPlatforms) = postSolution
		{1710EDF0-B45D-421B-9247-2790A101EC53}.Debug|Any CPU.ActiveCfg = Debug|Any CPU
		{1710EDF0-B45D-421B-9247-2790A101EC53}.Debug|Any CPU.Build.0 = Debug|Any CPU
		{1710EDF0-B45D-421B-9247-2790A101EC53}.Release|Any CPU.ActiveCfg = Release|Any CPU
		{1710EDF0-B45D-421B-9247-2790A101EC53}.Release|Any CPU.Build.0 = Release|Any CPU
	EndGlobalSection
	GlobalSection(SolutionProperties) = preSolution
		HideSolutionNode = FALSE
	EndGlobalSection
	GlobalSection(ExtensibilityGlobals) = postSolution
		SolutionGuid = {2CF09B7E-A3FD-4DA8-B286-65F8C08CC07E}
	EndGlobalSection
EndGlobal
