
Microsoft Visual Studio Solution File, Format Version 12.00
# Visual Studio 15
VisualStudioVersion = 15.0.28010.2003
MinimumVisualStudioVersion = 10.0.40219.1
Project("{FAE04EC0-301F-11D3-BF4B-00C04F79EFBC}") = "CATManWPF", "CATManWPF\CATManWPF.csproj", "{1710EDF0-B45D-421B-9247-2790A101EC53}"
EndProject
Project("{FAE04EC0-301F-11D3-BF4B-00C04F79EFBC}") = "ExpenseIT", "..\ExpenseIT\ExpenseIT\ExpenseIT.csproj", "{C9D4FE28-8EF3-4CC8-A108-7557BD8C554F}"
EndProject
Project("{FAE04EC0-301F-11D3-BF4B-00C04F79EFBC}") = "CATMan", "..\CATMan\CATMan.csproj", "{82C0DDB8-06E9-49E7-89BB-40B70E2934B1}"
EndProject
Global
	GlobalSection(SolutionConfigurationPlatforms) = preSolution
		Debug|Any CPU = Debug|Any CPU
		Debug|ARM = Debug|ARM
		Debug|x64 = Debug|x64
		Debug|x86 = Debug|x86
		Release|Any CPU = Release|Any CPU
		Release|ARM = Release|ARM
		Release|x64 = Release|x64
		Release|x86 = Release|x86
	EndGlobalSection
	GlobalSection(ProjectConfigurationPlatforms) = postSolution
		{1710EDF0-B45D-421B-9247-2790A101EC53}.Debug|Any CPU.ActiveCfg = Debug|Any CPU
		{1710EDF0-B45D-421B-9247-2790A101EC53}.Debug|Any CPU.Build.0 = Debug|Any CPU
		{1710EDF0-B45D-421B-9247-2790A101EC53}.Debug|ARM.ActiveCfg = Debug|Any CPU
		{1710EDF0-B45D-421B-9247-2790A101EC53}.Debug|ARM.Build.0 = Debug|Any CPU
		{1710EDF0-B45D-421B-9247-2790A101EC53}.Debug|x64.ActiveCfg = Debug|Any CPU
		{1710EDF0-B45D-421B-9247-2790A101EC53}.Debug|x64.Build.0 = Debug|Any CPU
		{1710EDF0-B45D-421B-9247-2790A101EC53}.Debug|x86.ActiveCfg = Debug|Any CPU
		{1710EDF0-B45D-421B-9247-2790A101EC53}.Debug|x86.Build.0 = Debug|Any CPU
		{1710EDF0-B45D-421B-9247-2790A101EC53}.Release|Any CPU.ActiveCfg = Release|Any CPU
		{1710EDF0-B45D-421B-9247-2790A101EC53}.Release|Any CPU.Build.0 = Release|Any CPU
		{1710EDF0-B45D-421B-9247-2790A101EC53}.Release|ARM.ActiveCfg = Release|Any CPU
		{1710EDF0-B45D-421B-9247-2790A101EC53}.Release|ARM.Build.0 = Release|Any CPU
		{1710EDF0-B45D-421B-9247-2790A101EC53}.Release|x64.ActiveCfg = Release|Any CPU
		{1710EDF0-B45D-421B-9247-2790A101EC53}.Release|x64.Build.0 = Release|Any CPU
		{1710EDF0-B45D-421B-9247-2790A101EC53}.Release|x86.ActiveCfg = Release|Any CPU
		{1710EDF0-B45D-421B-9247-2790A101EC53}.Release|x86.Build.0 = Release|Any CPU
		{C9D4FE28-8EF3-4CC8-A108-7557BD8C554F}.Debug|Any CPU.ActiveCfg = Debug|Any CPU
		{C9D4FE28-8EF3-4CC8-A108-7557BD8C554F}.Debug|Any CPU.Build.0 = Debug|Any CPU
		{C9D4FE28-8EF3-4CC8-A108-7557BD8C554F}.Debug|ARM.ActiveCfg = Debug|Any CPU
		{C9D4FE28-8EF3-4CC8-A108-7557BD8C554F}.Debug|ARM.Build.0 = Debug|Any CPU
		{C9D4FE28-8EF3-4CC8-A108-7557BD8C554F}.Debug|x64.ActiveCfg = Debug|Any CPU
		{C9D4FE28-8EF3-4CC8-A108-7557BD8C554F}.Debug|x64.Build.0 = Debug|Any CPU
		{C9D4FE28-8EF3-4CC8-A108-7557BD8C554F}.Debug|x86.ActiveCfg = Debug|Any CPU
		{C9D4FE28-8EF3-4CC8-A108-7557BD8C554F}.Debug|x86.Build.0 = Debug|Any CPU
		{C9D4FE28-8EF3-4CC8-A108-7557BD8C554F}.Release|Any CPU.ActiveCfg = Release|Any CPU
		{C9D4FE28-8EF3-4CC8-A108-7557BD8C554F}.Release|Any CPU.Build.0 = Release|Any CPU
		{C9D4FE28-8EF3-4CC8-A108-7557BD8C554F}.Release|ARM.ActiveCfg = Release|Any CPU
		{C9D4FE28-8EF3-4CC8-A108-7557BD8C554F}.Release|ARM.Build.0 = Release|Any CPU
		{C9D4FE28-8EF3-4CC8-A108-7557BD8C554F}.Release|x64.ActiveCfg = Release|Any CPU
		{C9D4FE28-8EF3-4CC8-A108-7557BD8C554F}.Release|x64.Build.0 = Release|Any CPU
		{C9D4FE28-8EF3-4CC8-A108-7557BD8C554F}.Release|x86.ActiveCfg = Release|Any CPU
		{C9D4FE28-8EF3-4CC8-A108-7557BD8C554F}.Release|x86.Build.0 = Release|Any CPU
		{82C0DDB8-06E9-49E7-89BB-40B70E2934B1}.Debug|Any CPU.ActiveCfg = Debug|x86
		{82C0DDB8-06E9-49E7-89BB-40B70E2934B1}.Debug|ARM.ActiveCfg = Debug|ARM
		{82C0DDB8-06E9-49E7-89BB-40B70E2934B1}.Debug|ARM.Build.0 = Debug|ARM
		{82C0DDB8-06E9-49E7-89BB-40B70E2934B1}.Debug|ARM.Deploy.0 = Debug|ARM
		{82C0DDB8-06E9-49E7-89BB-40B70E2934B1}.Debug|x64.ActiveCfg = Debug|x64
		{82C0DDB8-06E9-49E7-89BB-40B70E2934B1}.Debug|x64.Build.0 = Debug|x64
		{82C0DDB8-06E9-49E7-89BB-40B70E2934B1}.Debug|x64.Deploy.0 = Debug|x64
		{82C0DDB8-06E9-49E7-89BB-40B70E2934B1}.Debug|x86.ActiveCfg = Debug|x86
		{82C0DDB8-06E9-49E7-89BB-40B70E2934B1}.Debug|x86.Build.0 = Debug|x86
		{82C0DDB8-06E9-49E7-89BB-40B70E2934B1}.Debug|x86.Deploy.0 = Debug|x86
		{82C0DDB8-06E9-49E7-89BB-40B70E2934B1}.Release|Any CPU.ActiveCfg = Release|x86
		{82C0DDB8-06E9-49E7-89BB-40B70E2934B1}.Release|ARM.ActiveCfg = Release|ARM
		{82C0DDB8-06E9-49E7-89BB-40B70E2934B1}.Release|ARM.Build.0 = Release|ARM
		{82C0DDB8-06E9-49E7-89BB-40B70E2934B1}.Release|ARM.Deploy.0 = Release|ARM
		{82C0DDB8-06E9-49E7-89BB-40B70E2934B1}.Release|x64.ActiveCfg = Release|x64
		{82C0DDB8-06E9-49E7-89BB-40B70E2934B1}.Release|x64.Build.0 = Release|x64
		{82C0DDB8-06E9-49E7-89BB-40B70E2934B1}.Release|x64.Deploy.0 = Release|x64
		{82C0DDB8-06E9-49E7-89BB-40B70E2934B1}.Release|x86.ActiveCfg = Release|x86
		{82C0DDB8-06E9-49E7-89BB-40B70E2934B1}.Release|x86.Build.0 = Release|x86
		{82C0DDB8-06E9-49E7-89BB-40B70E2934B1}.Release|x86.Deploy.0 = Release|x86
	EndGlobalSection
	GlobalSection(SolutionProperties) = preSolution
		HideSolutionNode = FALSE
	EndGlobalSection
	GlobalSection(ExtensibilityGlobals) = postSolution
		SolutionGuid = {2CF09B7E-A3FD-4DA8-B286-65F8C08CC07E}
	EndGlobalSection
EndGlobal
